
Microsoft Visual Studio Solution File, Format Version 12.00
# Visual Studio Version 17
VisualStudioVersion = 17.8.34511.84
MinimumVisualStudioVersion = 10.0.40219.1
Project("{FAE04EC0-301F-11D3-BF4B-00C04F79EFBC}") = "TodoList", "TodoList\TodoList.csproj", "{B7F5CFAD-EBB8-4878-83EE-CF6DF08BB883}"
EndProject
Project("{FAE04EC0-301F-11D3-BF4B-00C04F79EFBC}") = "Todo.Core", "Todo.Core\Todo.Core.csproj", "{66FB6C07-5292-423C-AD8F-03D92A48A776}"
EndProject
Project("{FAE04EC0-301F-11D3-BF4B-00C04F79EFBC}") = "Todo.Integration", "Todo.Integration\Todo.Integration.csproj", "{565FB1FF-2D79-4402-B723-214AFF64609C}"
EndProject
Global
	GlobalSection(SolutionConfigurationPlatforms) = preSolution
		Debug|Any CPU = Debug|Any CPU
		Release|Any CPU = Release|Any CPU
	EndGlobalSection
	GlobalSection(ProjectConfigurationPlatforms) = postSolution
		{B7F5CFAD-EBB8-4878-83EE-CF6DF08BB883}.Debug|Any CPU.ActiveCfg = Debug|Any CPU
		{B7F5CFAD-EBB8-4878-83EE-CF6DF08BB883}.Debug|Any CPU.Build.0 = Debug|Any CPU
		{B7F5CFAD-EBB8-4878-83EE-CF6DF08BB883}.Release|Any CPU.ActiveCfg = Release|Any CPU
		{B7F5CFAD-EBB8-4878-83EE-CF6DF08BB883}.Release|Any CPU.Build.0 = Release|Any CPU
		{66FB6C07-5292-423C-AD8F-03D92A48A776}.Debug|Any CPU.ActiveCfg = Debug|Any CPU
		{66FB6C07-5292-423C-AD8F-03D92A48A776}.Debug|Any CPU.Build.0 = Debug|Any CPU
		{66FB6C07-5292-423C-AD8F-03D92A48A776}.Release|Any CPU.ActiveCfg = Release|Any CPU
		{66FB6C07-5292-423C-AD8F-03D92A48A776}.Release|Any CPU.Build.0 = Release|Any CPU
		{565FB1FF-2D79-4402-B723-214AFF64609C}.Debug|Any CPU.ActiveCfg = Debug|Any CPU
		{565FB1FF-2D79-4402-B723-214AFF64609C}.Debug|Any CPU.Build.0 = Debug|Any CPU
		{565FB1FF-2D79-4402-B723-214AFF64609C}.Release|Any CPU.ActiveCfg = Release|Any CPU
		{565FB1FF-2D79-4402-B723-214AFF64609C}.Release|Any CPU.Build.0 = Release|Any CPU
	EndGlobalSection
	GlobalSection(SolutionProperties) = preSolution
		HideSolutionNode = FALSE
	EndGlobalSection
	GlobalSection(ExtensibilityGlobals) = postSolution
		SolutionGuid = {7F54E76A-340C-41B3-878F-943F53FF55C2}
	EndGlobalSection
EndGlobal
